
Microsoft Visual Studio Solution File, Format Version 12.00
# Visual Studio Version 16
VisualStudioVersion = 16.0.32228.343
MinimumVisualStudioVersion = 10.0.40219.1
Project("{FAE04EC0-301F-11D3-BF4B-00C04F79EFBC}") = "MakeupCatalog", "MakeUpCatalog\MakeupCatalog.csproj", "{5542C8FE-106A-4A28-9430-84F4354B25CF}"
EndProject
Global
	GlobalSection(SolutionConfigurationPlatforms) = preSolution
		Debug|Any CPU = Debug|Any CPU
		Release|Any CPU = Release|Any CPU
	EndGlobalSection
	GlobalSection(ProjectConfigurationPlatforms) = postSolution
		{5542C8FE-106A-4A28-9430-84F4354B25CF}.Debug|Any CPU.ActiveCfg = Debug|Any CPU
		{5542C8FE-106A-4A28-9430-84F4354B25CF}.Debug|Any CPU.Build.0 = Debug|Any CPU
		{5542C8FE-106A-4A28-9430-84F4354B25CF}.Release|Any CPU.ActiveCfg = Release|Any CPU
		{5542C8FE-106A-4A28-9430-84F4354B25CF}.Release|Any CPU.Build.0 = Release|Any CPU
	EndGlobalSection
	GlobalSection(SolutionProperties) = preSolution
		HideSolutionNode = FALSE
	EndGlobalSection
	GlobalSection(ExtensibilityGlobals) = postSolution
		SolutionGuid = {4B7ADC2F-4078-419F-A73B-E7861836F761}
	EndGlobalSection
EndGlobal
